
Microsoft Visual Studio Solution File, Format Version 12.00
# Visual Studio 2013
VisualStudioVersion = 12.0.30723.0
MinimumVisualStudioVersion = 10.0.40219.1
Project("{FAE04EC0-301F-11D3-BF4B-00C04F79EFBC}") = "Instanda.Sequence.Tests", "Instanda.Sequence.Tests\Instanda.Sequence.Tests.csproj", "{62FD8921-4C59-43ED-8C7C-218EF54C84F9}"
EndProject
Project("{FAE04EC0-301F-11D3-BF4B-00C04F79EFBC}") = "Instanda.Sequence.Azure", "Instanda.Sequence.Azure\Instanda.Sequence.Azure.csproj", "{4C97E1EA-0ABD-45EE-A5D7-3BB76D51DFD5}"
EndProject
Project("{FAE04EC0-301F-11D3-BF4B-00C04F79EFBC}") = "Instand.Sequence", "Instand.Sequence\Instand.Sequence.csproj", "{794CDAFC-F291-4105-A3DA-80A66AB44EC0}"
EndProject
Global
	GlobalSection(SolutionConfigurationPlatforms) = preSolution
		Debug|Any CPU = Debug|Any CPU
		Release|Any CPU = Release|Any CPU
	EndGlobalSection
	GlobalSection(ProjectConfigurationPlatforms) = postSolution
		{62FD8921-4C59-43ED-8C7C-218EF54C84F9}.Debug|Any CPU.ActiveCfg = Debug|Any CPU
		{62FD8921-4C59-43ED-8C7C-218EF54C84F9}.Debug|Any CPU.Build.0 = Debug|Any CPU
		{62FD8921-4C59-43ED-8C7C-218EF54C84F9}.Release|Any CPU.ActiveCfg = Release|Any CPU
		{62FD8921-4C59-43ED-8C7C-218EF54C84F9}.Release|Any CPU.Build.0 = Release|Any CPU
		{4C97E1EA-0ABD-45EE-A5D7-3BB76D51DFD5}.Debug|Any CPU.ActiveCfg = Debug|Any CPU
		{4C97E1EA-0ABD-45EE-A5D7-3BB76D51DFD5}.Debug|Any CPU.Build.0 = Debug|Any CPU
		{4C97E1EA-0ABD-45EE-A5D7-3BB76D51DFD5}.Release|Any CPU.ActiveCfg = Release|Any CPU
		{4C97E1EA-0ABD-45EE-A5D7-3BB76D51DFD5}.Release|Any CPU.Build.0 = Release|Any CPU
		{794CDAFC-F291-4105-A3DA-80A66AB44EC0}.Debug|Any CPU.ActiveCfg = Debug|Any CPU
		{794CDAFC-F291-4105-A3DA-80A66AB44EC0}.Debug|Any CPU.Build.0 = Debug|Any CPU
		{794CDAFC-F291-4105-A3DA-80A66AB44EC0}.Release|Any CPU.ActiveCfg = Release|Any CPU
		{794CDAFC-F291-4105-A3DA-80A66AB44EC0}.Release|Any CPU.Build.0 = Release|Any CPU
	EndGlobalSection
	GlobalSection(SolutionProperties) = preSolution
		HideSolutionNode = FALSE
	EndGlobalSection
EndGlobal
